
Microsoft Visual Studio Solution File, Format Version 12.00
# Visual Studio Version 17
VisualStudioVersion = 17.3.32804.467
MinimumVisualStudioVersion = 10.0.40219.1
Project("{FAE04EC0-301F-11D3-BF4B-00C04F79EFBC}") = "TaskManager", "TaskManager\TaskManager.csproj", "{16DB5D53-7FE0-4E26-8D22-0421B45A7DC9}"
EndProject
Global
	GlobalSection(SolutionConfigurationPlatforms) = preSolution
		Debug|Any CPU = Debug|Any CPU
		Release|Any CPU = Release|Any CPU
	EndGlobalSection
	GlobalSection(ProjectConfigurationPlatforms) = postSolution
		{16DB5D53-7FE0-4E26-8D22-0421B45A7DC9}.Debug|Any CPU.ActiveCfg = Debug|Any CPU
		{16DB5D53-7FE0-4E26-8D22-0421B45A7DC9}.Debug|Any CPU.Build.0 = Debug|Any CPU
		{16DB5D53-7FE0-4E26-8D22-0421B45A7DC9}.Release|Any CPU.ActiveCfg = Release|Any CPU
		{16DB5D53-7FE0-4E26-8D22-0421B45A7DC9}.Release|Any CPU.Build.0 = Release|Any CPU
	EndGlobalSection
	GlobalSection(SolutionProperties) = preSolution
		HideSolutionNode = FALSE
	EndGlobalSection
	GlobalSection(ExtensibilityGlobals) = postSolution
		SolutionGuid = {5BB0E976-85AE-4B37-8F87-EF78D7C7946D}
	EndGlobalSection
EndGlobal
